// !$*UTF8*$!
{
	archiveVersion = 1;
	classes = {
	};
	objectVersion = 50;
	objects = {

/* Begin PBXBuildFile section */
		AFB0375325AE037D00443914 /* TextViews.swift in Sources */ = {isa = PBXBuildFile; fileRef = AFB0375225AE037D00443914 /* TextViews.swift */; };
		AFD8B2DA25A5FA6700784AE4 /* BullseyeApp.swift in Sources */ = {isa = PBXBuildFile; fileRef = AFD8B2D925A5FA6700784AE4 /* BullseyeApp.swift */; };
		AFD8B2DC25A5FA6700784AE4 /* ContentView.swift in Sources */ = {isa = PBXBuildFile; fileRef = AFD8B2DB25A5FA6700784AE4 /* ContentView.swift */; };
		AFD8B2DE25A5FA6B00784AE4 /* Assets.xcassets in Resources */ = {isa = PBXBuildFile; fileRef = AFD8B2DD25A5FA6B00784AE4 /* Assets.xcassets */; };
		AFD8B2E125A5FA6B00784AE4 /* Preview Assets.xcassets in Resources */ = {isa = PBXBuildFile; fileRef = AFD8B2E025A5FA6B00784AE4 /* Preview Assets.xcassets */; };
		AFD8B2EC25A5FA6B00784AE4 /* BullseyeTests.swift in Sources */ = {isa = PBXBuildFile; fileRef = AFD8B2EB25A5FA6B00784AE4 /* BullseyeTests.swift */; };
		AFD8B2F725A5FA6B00784AE4 /* BullseyeUITests.swift in Sources */ = {isa = PBXBuildFile; fileRef = AFD8B2F625A5FA6B00784AE4 /* BullseyeUITests.swift */; };
		AFD8B31125A6153E00784AE4 /* Game.swift in Sources */ = {isa = PBXBuildFile; fileRef = AFD8B31025A6153E00784AE4 /* Game.swift */; };
/* End PBXBuildFile section */

/* Begin PBXContainerItemProxy section */
		AFD8B2E825A5FA6B00784AE4 /* PBXContainerItemProxy */ = {
			isa = PBXContainerItemProxy;
			containerPortal = AFD8B2CE25A5FA6700784AE4 /* Project object */;
			proxyType = 1;
			remoteGlobalIDString = AFD8B2D525A5FA6700784AE4;
			remoteInfo = Bullseye;
		};
		AFD8B2F325A5FA6B00784AE4 /* PBXContainerItemProxy */ = {
			isa = PBXContainerItemProxy;
			containerPortal = AFD8B2CE25A5FA6700784AE4 /* Project object */;
			proxyType = 1;
			remoteGlobalIDString = AFD8B2D525A5FA6700784AE4;
			remoteInfo = Bullseye;
		};
/* End PBXContainerItemProxy section */

/* Begin PBXFileReference section */
		AFB0375225AE037D00443914 /* TextViews.swift */ = {isa = PBXFileReference; lastKnownFileType = sourcecode.swift; path = TextViews.swift; sourceTree = "<group>"; };
		AFD8B2D625A5FA6700784AE4 /* Bullseye.app */ = {isa = PBXFileReference; explicitFileType = wrapper.application; includeInIndex = 0; path = Bullseye.app; sourceTree = BUILT_PRODUCTS_DIR; };
		AFD8B2D925A5FA6700784AE4 /* BullseyeApp.swift */ = {isa = PBXFileReference; lastKnownFileType = sourcecode.swift; path = BullseyeApp.swift; sourceTree = "<group>"; };
		AFD8B2DB25A5FA6700784AE4 /* ContentView.swift */ = {isa = PBXFileReference; lastKnownFileType = sourcecode.swift; path = ContentView.swift; sourceTree = "<group>"; };
		AFD8B2DD25A5FA6B00784AE4 /* Assets.xcassets */ = {isa = PBXFileReference; lastKnownFileType = folder.assetcatalog; path = Assets.xcassets; sourceTree = "<group>"; };
		AFD8B2E025A5FA6B00784AE4 /* Preview Assets.xcassets */ = {isa = PBXFileReference; lastKnownFileType = folder.assetcatalog; path = "Preview Assets.xcassets"; sourceTree = "<group>"; };
		AFD8B2E225A5FA6B00784AE4 /* Info.plist */ = {isa = PBXFileReference; lastKnownFileType = text.plist.xml; path = Info.plist; sourceTree = "<group>"; };
		AFD8B2E725A5FA6B00784AE4 /* BullseyeTests.xctest */ = {isa = PBXFileReference; explicitFileType = wrapper.cfbundle; includeInIndex = 0; path = BullseyeTests.xctest; sourceTree = BUILT_PRODUCTS_DIR; };
		AFD8B2EB25A5FA6B00784AE4 /* BullseyeTests.swift */ = {isa = PBXFileReference; lastKnownFileType = sourcecode.swift; path = BullseyeTests.swift; sourceTree = "<group>"; };
		AFD8B2ED25A5FA6B00784AE4 /* Info.plist */ = {isa = PBXFileReference; lastKnownFileType = text.plist.xml; path = Info.plist; sourceTree = "<group>"; };
		AFD8B2F225A5FA6B00784AE4 /* BullseyeUITests.xctest */ = {isa = PBXFileReference; explicitFileType = wrapper.cfbundle; includeInIndex = 0; path = BullseyeUITests.xctest; sourceTree = BUILT_PRODUCTS_DIR; };
		AFD8B2F625A5FA6B00784AE4 /* BullseyeUITests.swift */ = {isa = PBXFileReference; lastKnownFileType = sourcecode.swift; path = BullseyeUITests.swift; sourceTree = "<group>"; };
		AFD8B2F825A5FA6B00784AE4 /* Info.plist */ = {isa = PBXFileReference; lastKnownFileType = text.plist.xml; path = Info.plist; sourceTree = "<group>"; };
		AFD8B31025A6153E00784AE4 /* Game.swift */ = {isa = PBXFileReference; lastKnownFileType = sourcecode.swift; path = Game.swift; sourceTree = "<group>"; };
/* End PBXFileReference section */

/* Begin PBXFrameworksBuildPhase section */
		AFD8B2D325A5FA6700784AE4 /* Frameworks */ = {
			isa = PBXFrameworksBuildPhase;
			buildActionMask = 2147483647;
			files = (
			);
			runOnlyForDeploymentPostprocessing = 0;
		};
		AFD8B2E425A5FA6B00784AE4 /* Frameworks */ = {
			isa = PBXFrameworksBuildPhase;
			buildActionMask = 2147483647;
			files = (
			);
			runOnlyForDeploymentPostprocessing = 0;
		};
		AFD8B2EF25A5FA6B00784AE4 /* Frameworks */ = {
			isa = PBXFrameworksBuildPhase;
			buildActionMask = 2147483647;
			files = (
			);
			runOnlyForDeploymentPostprocessing = 0;
		};
/* End PBXFrameworksBuildPhase section */

/* Begin PBXGroup section */
		AFD8B2CD25A5FA6700784AE4 = {
			isa = PBXGroup;
			children = (
				AFD8B2D825A5FA6700784AE4 /* Bullseye */,
				AFD8B2EA25A5FA6B00784AE4 /* BullseyeTests */,
				AFD8B2F525A5FA6B00784AE4 /* BullseyeUITests */,
				AFD8B2D725A5FA6700784AE4 /* Products */,
			);
			sourceTree = "<group>";
		};
		AFD8B2D725A5FA6700784AE4 /* Products */ = {
			isa = PBXGroup;
			children = (
				AFD8B2D625A5FA6700784AE4 /* Bullseye.app */,
				AFD8B2E725A5FA6B00784AE4 /* BullseyeTests.xctest */,
				AFD8B2F225A5FA6B00784AE4 /* BullseyeUITests.xctest */,
			);
			name = Products;
			sourceTree = "<group>";
		};
		AFD8B2D825A5FA6700784AE4 /* Bullseye */ = {
			isa = PBXGroup;
			children = (
				AFD8B30925A613E500784AE4 /* App */,
				AFD8B30825A6139300784AE4 /* Views */,
				AFD8B30725A6135700784AE4 /* Models */,
				AFD8B2DF25A5FA6B00784AE4 /* Preview Content */,
			);
			path = Bullseye;
			sourceTree = "<group>";
		};
		AFD8B2DF25A5FA6B00784AE4 /* Preview Content */ = {
			isa = PBXGroup;
			children = (
				AFD8B2E025A5FA6B00784AE4 /* Preview Assets.xcassets */,
			);
			path = "Preview Content";
			sourceTree = "<group>";
		};
		AFD8B2EA25A5FA6B00784AE4 /* BullseyeTests */ = {
			isa = PBXGroup;
			children = (
				AFD8B2EB25A5FA6B00784AE4 /* BullseyeTests.swift */,
				AFD8B2ED25A5FA6B00784AE4 /* Info.plist */,
			);
			path = BullseyeTests;
			sourceTree = "<group>";
		};
		AFD8B2F525A5FA6B00784AE4 /* BullseyeUITests */ = {
			isa = PBXGroup;
			children = (
				AFD8B2F625A5FA6B00784AE4 /* BullseyeUITests.swift */,
				AFD8B2F825A5FA6B00784AE4 /* Info.plist */,
			);
			path = BullseyeUITests;
			sourceTree = "<group>";
		};
		AFD8B30725A6135700784AE4 /* Models */ = {
			isa = PBXGroup;
			children = (
				AFD8B31025A6153E00784AE4 /* Game.swift */,
			);
			path = Models;
			sourceTree = "<group>";
		};
		AFD8B30825A6139300784AE4 /* Views */ = {
			isa = PBXGroup;
			children = (
				AFD8B2DB25A5FA6700784AE4 /* ContentView.swift */,
				AFB0375225AE037D00443914 /* TextViews.swift */,
			);
			path = Views;
			sourceTree = "<group>";
		};
		AFD8B30925A613E500784AE4 /* App */ = {
			isa = PBXGroup;
			children = (
				AFD8B2D925A5FA6700784AE4 /* BullseyeApp.swift */,
				AFD8B2DD25A5FA6B00784AE4 /* Assets.xcassets */,
				AFD8B2E225A5FA6B00784AE4 /* Info.plist */,
			);
			path = App;
			sourceTree = "<group>";
		};
/* End PBXGroup section */

/* Begin PBXNativeTarget section */
		AFD8B2D525A5FA6700784AE4 /* Bullseye */ = {
			isa = PBXNativeTarget;
			buildConfigurationList = AFD8B2FB25A5FA6B00784AE4 /* Build configuration list for PBXNativeTarget "Bullseye" */;
			buildPhases = (
				AFD8B2D225A5FA6700784AE4 /* Sources */,
				AFD8B2D325A5FA6700784AE4 /* Frameworks */,
				AFD8B2D425A5FA6700784AE4 /* Resources */,
			);
			buildRules = (
			);
			dependencies = (
			);
			name = Bullseye;
			productName = Bullseye;
			productReference = AFD8B2D625A5FA6700784AE4 /* Bullseye.app */;
			productType = "com.apple.product-type.application";
		};
		AFD8B2E625A5FA6B00784AE4 /* BullseyeTests */ = {
			isa = PBXNativeTarget;
			buildConfigurationList = AFD8B2FE25A5FA6B00784AE4 /* Build configuration list for PBXNativeTarget "BullseyeTests" */;
			buildPhases = (
				AFD8B2E325A5FA6B00784AE4 /* Sources */,
				AFD8B2E425A5FA6B00784AE4 /* Frameworks */,
				AFD8B2E525A5FA6B00784AE4 /* Resources */,
			);
			buildRules = (
			);
			dependencies = (
				AFD8B2E925A5FA6B00784AE4 /* PBXTargetDependency */,
			);
			name = BullseyeTests;
			productName = BullseyeTests;
			productReference = AFD8B2E725A5FA6B00784AE4 /* BullseyeTests.xctest */;
			productType = "com.apple.product-type.bundle.unit-test";
		};
		AFD8B2F125A5FA6B00784AE4 /* BullseyeUITests */ = {
			isa = PBXNativeTarget;
			buildConfigurationList = AFD8B30125A5FA6B00784AE4 /* Build configuration list for PBXNativeTarget "BullseyeUITests" */;
			buildPhases = (
				AFD8B2EE25A5FA6B00784AE4 /* Sources */,
				AFD8B2EF25A5FA6B00784AE4 /* Frameworks */,
				AFD8B2F025A5FA6B00784AE4 /* Resources */,
			);
			buildRules = (
			);
			dependencies = (
				AFD8B2F425A5FA6B00784AE4 /* PBXTargetDependency */,
			);
			name = BullseyeUITests;
			productName = BullseyeUITests;
			productReference = AFD8B2F225A5FA6B00784AE4 /* BullseyeUITests.xctest */;
			productType = "com.apple.product-type.bundle.ui-testing";
		};
/* End PBXNativeTarget section */

/* Begin PBXProject section */
		AFD8B2CE25A5FA6700784AE4 /* Project object */ = {
			isa = PBXProject;
			attributes = {
				LastSwiftUpdateCheck = 1230;
				LastUpgradeCheck = 1230;
				TargetAttributes = {
					AFD8B2D525A5FA6700784AE4 = {
						CreatedOnToolsVersion = 12.3;
					};
					AFD8B2E625A5FA6B00784AE4 = {
						CreatedOnToolsVersion = 12.3;
						TestTargetID = AFD8B2D525A5FA6700784AE4;
					};
					AFD8B2F125A5FA6B00784AE4 = {
						CreatedOnToolsVersion = 12.3;
						TestTargetID = AFD8B2D525A5FA6700784AE4;
					};
				};
			};
			buildConfigurationList = AFD8B2D125A5FA6700784AE4 /* Build configuration list for PBXProject "Bullseye" */;
			compatibilityVersion = "Xcode 9.3";
			developmentRegion = en;
			hasScannedForEncodings = 0;
			knownRegions = (
				en,
				Base,
			);
			mainGroup = AFD8B2CD25A5FA6700784AE4;
			productRefGroup = AFD8B2D725A5FA6700784AE4 /* Products */;
			projectDirPath = "";
			projectRoot = "";
			targets = (
				AFD8B2D525A5FA6700784AE4 /* Bullseye */,
				AFD8B2E625A5FA6B00784AE4 /* BullseyeTests */,
				AFD8B2F125A5FA6B00784AE4 /* BullseyeUITests */,
			);
		};
/* End PBXProject section */

/* Begin PBXResourcesBuildPhase section */
		AFD8B2D425A5FA6700784AE4 /* Resources */ = {
			isa = PBXResourcesBuildPhase;
			buildActionMask = 2147483647;
			files = (
				AFD8B2E125A5FA6B00784AE4 /* Preview Assets.xcassets in Resources */,
				AFD8B2DE25A5FA6B00784AE4 /* Assets.xcassets in Resources */,
			);
			runOnlyForDeploymentPostprocessing = 0;
		};
		AFD8B2E525A5FA6B00784AE4 /* Resources */ = {
			isa = PBXResourcesBuildPhase;
			buildActionMask = 2147483647;
			files = (
			);
			runOnlyForDeploymentPostprocessing = 0;
		};
		AFD8B2F025A5FA6B00784AE4 /* Resources */ = {
			isa = PBXResourcesBuildPhase;
			buildActionMask = 2147483647;
			files = (
			);
			runOnlyForDeploymentPostprocessing = 0;
		};
/* End PBXResourcesBuildPhase section */

/* Begin PBXSourcesBuildPhase section */
		AFD8B2D225A5FA6700784AE4 /* Sources */ = {
			isa = PBXSourcesBuildPhase;
			buildActionMask = 2147483647;
			files = (
				AFD8B2DC25A5FA6700784AE4 /* ContentView.swift in Sources */,
				AFB0375325AE037D00443914 /* TextViews.swift in Sources */,
				AFD8B31125A6153E00784AE4 /* Game.swift in Sources */,
				AFD8B2DA25A5FA6700784AE4 /* BullseyeApp.swift in Sources */,
			);
			runOnlyForDeploymentPostprocessing = 0;
		};
		AFD8B2E325A5FA6B00784AE4 /* Sources */ = {
			isa = PBXSourcesBuildPhase;
			buildActionMask = 2147483647;
			files = (
				AFD8B2EC25A5FA6B00784AE4 /* BullseyeTests.swift in Sources */,
			);
			runOnlyForDeploymentPostprocessing = 0;
		};
		AFD8B2EE25A5FA6B00784AE4 /* Sources */ = {
			isa = PBXSourcesBuildPhase;
			buildActionMask = 2147483647;
			files = (
				AFD8B2F725A5FA6B00784AE4 /* BullseyeUITests.swift in Sources */,
			);
			runOnlyForDeploymentPostprocessing = 0;
		};
/* End PBXSourcesBuildPhase section */

/* Begin PBXTargetDependency section */
		AFD8B2E925A5FA6B00784AE4 /* PBXTargetDependency */ = {
			isa = PBXTargetDependency;
			target = AFD8B2D525A5FA6700784AE4 /* Bullseye */;
			targetProxy = AFD8B2E825A5FA6B00784AE4 /* PBXContainerItemProxy */;
		};
		AFD8B2F425A5FA6B00784AE4 /* PBXTargetDependency */ = {
			isa = PBXTargetDependency;
			target = AFD8B2D525A5FA6700784AE4 /* Bullseye */;
			targetProxy = AFD8B2F325A5FA6B00784AE4 /* PBXContainerItemProxy */;
		};
/* End PBXTargetDependency section */

/* Begin XCBuildConfiguration section */
		AFD8B2F925A5FA6B00784AE4 /* Debug */ = {
			isa = XCBuildConfiguration;
			buildSettings = {
				ALWAYS_SEARCH_USER_PATHS = NO;
				CLANG_ANALYZER_NONNULL = YES;
				CLANG_ANALYZER_NUMBER_OBJECT_CONVERSION = YES_AGGRESSIVE;
				CLANG_CXX_LANGUAGE_STANDARD = "gnu++14";
				CLANG_CXX_LIBRARY = "libc++";
				CLANG_ENABLE_MODULES = YES;
				CLANG_ENABLE_OBJC_ARC = YES;
				CLANG_ENABLE_OBJC_WEAK = YES;
				CLANG_WARN_BLOCK_CAPTURE_AUTORELEASING = YES;
				CLANG_WARN_BOOL_CONVERSION = YES;
				CLANG_WARN_COMMA = YES;
				CLANG_WARN_CONSTANT_CONVERSION = YES;
				CLANG_WARN_DEPRECATED_OBJC_IMPLEMENTATIONS = YES;
				CLANG_WARN_DIRECT_OBJC_ISA_USAGE = YES_ERROR;
				CLANG_WARN_DOCUMENTATION_COMMENTS = YES;
				CLANG_WARN_EMPTY_BODY = YES;
				CLANG_WARN_ENUM_CONVERSION = YES;
				CLANG_WARN_INFINITE_RECURSION = YES;
				CLANG_WARN_INT_CONVERSION = YES;
				CLANG_WARN_NON_LITERAL_NULL_CONVERSION = YES;
				CLANG_WARN_OBJC_IMPLICIT_RETAIN_SELF = YES;
				CLANG_WARN_OBJC_LITERAL_CONVERSION = YES;
				CLANG_WARN_OBJC_ROOT_CLASS = YES_ERROR;
				CLANG_WARN_QUOTED_INCLUDE_IN_FRAMEWORK_HEADER = YES;
				CLANG_WARN_RANGE_LOOP_ANALYSIS = YES;
				CLANG_WARN_STRICT_PROTOTYPES = YES;
				CLANG_WARN_SUSPICIOUS_MOVE = YES;
				CLANG_WARN_UNGUARDED_AVAILABILITY = YES_AGGRESSIVE;
				CLANG_WARN_UNREACHABLE_CODE = YES;
				CLANG_WARN__DUPLICATE_METHOD_MATCH = YES;
				COPY_PHASE_STRIP = NO;
				DEBUG_INFORMATION_FORMAT = dwarf;
				ENABLE_STRICT_OBJC_MSGSEND = YES;
				ENABLE_TESTABILITY = YES;
				GCC_C_LANGUAGE_STANDARD = gnu11;
				GCC_DYNAMIC_NO_PIC = NO;
				GCC_NO_COMMON_BLOCKS = YES;
				GCC_OPTIMIZATION_LEVEL = 0;
				GCC_PREPROCESSOR_DEFINITIONS = (
					"DEBUG=1",
					"$(inherited)",
				);
				GCC_WARN_64_TO_32_BIT_CONVERSION = YES;
				GCC_WARN_ABOUT_RETURN_TYPE = YES_ERROR;
				GCC_WARN_UNDECLARED_SELECTOR = YES;
				GCC_WARN_UNINITIALIZED_AUTOS = YES_AGGRESSIVE;
				GCC_WARN_UNUSED_FUNCTION = YES;
				GCC_WARN_UNUSED_VARIABLE = YES;
				IPHONEOS_DEPLOYMENT_TARGET = 14.3;
				MTL_ENABLE_DEBUG_INFO = INCLUDE_SOURCE;
				MTL_FAST_MATH = YES;
				ONLY_ACTIVE_ARCH = YES;
				SDKROOT = iphoneos;
				SWIFT_ACTIVE_COMPILATION_CONDITIONS = DEBUG;
				SWIFT_OPTIMIZATION_LEVEL = "-Onone";
			};
			name = Debug;
		};
		AFD8B2FA25A5FA6B00784AE4 /* Release */ = {
			isa = XCBuildConfiguration;
			buildSettings = {
				ALWAYS_SEARCH_USER_PATHS = NO;
				CLANG_ANALYZER_NONNULL = YES;
				CLANG_ANALYZER_NUMBER_OBJECT_CONVERSION = YES_AGGRESSIVE;
				CLANG_CXX_LANGUAGE_STANDARD = "gnu++14";
				CLANG_CXX_LIBRARY = "libc++";
				CLANG_ENABLE_MODULES = YES;
				CLANG_ENABLE_OBJC_ARC = YES;
				CLANG_ENABLE_OBJC_WEAK = YES;
				CLANG_WARN_BLOCK_CAPTURE_AUTORELEASING = YES;
				CLANG_WARN_BOOL_CONVERSION = YES;
				CLANG_WARN_COMMA = YES;
				CLANG_WARN_CONSTANT_CONVERSION = YES;
				CLANG_WARN_DEPRECATED_OBJC_IMPLEMENTATIONS = YES;
				CLANG_WARN_DIRECT_OBJC_ISA_USAGE = YES_ERROR;
				CLANG_WARN_DOCUMENTATION_COMMENTS = YES;
				CLANG_WARN_EMPTY_BODY = YES;
				CLANG_WARN_ENUM_CONVERSION = YES;
				CLANG_WARN_INFINITE_RECURSION = YES;
				CLANG_WARN_INT_CONVERSION = YES;
				CLANG_WARN_NON_LITERAL_NULL_CONVERSION = YES;
				CLANG_WARN_OBJC_IMPLICIT_RETAIN_SELF = YES;
				CLANG_WARN_OBJC_LITERAL_CONVERSION = YES;
				CLANG_WARN_OBJC_ROOT_CLASS = YES_ERROR;
				CLANG_WARN_QUOTED_INCLUDE_IN_FRAMEWORK_HEADER = YES;
				CLANG_WARN_RANGE_LOOP_ANALYSIS = YES;
				CLANG_WARN_STRICT_PROTOTYPES = YES;
				CLANG_WARN_SUSPICIOUS_MOVE = YES;
				CLANG_WARN_UNGUARDED_AVAILABILITY = YES_AGGRESSIVE;
				CLANG_WARN_UNREACHABLE_CODE = YES;
				CLANG_WARN__DUPLICATE_METHOD_MATCH = YES;
				COPY_PHASE_STRIP = NO;
				DEBUG_INFORMATION_FORMAT = "dwarf-with-dsym";
				ENABLE_NS_ASSERTIONS = NO;
				ENABLE_STRICT_OBJC_MSGSEND = YES;
				GCC_C_LANGUAGE_STANDARD = gnu11;
				GCC_NO_COMMON_BLOCKS = YES;
				GCC_WARN_64_TO_32_BIT_CONVERSION = YES;
				GCC_WARN_ABOUT_RETURN_TYPE = YES_ERROR;
				GCC_WARN_UNDECLARED_SELECTOR = YES;
				GCC_WARN_UNINITIALIZED_AUTOS = YES_AGGRESSIVE;
				GCC_WARN_UNUSED_FUNCTION = YES;
				GCC_WARN_UNUSED_VARIABLE = YES;
				IPHONEOS_DEPLOYMENT_TARGET = 14.3;
				MTL_ENABLE_DEBUG_INFO = NO;
				MTL_FAST_MATH = YES;
				SDKROOT = iphoneos;
				SWIFT_COMPILATION_MODE = wholemodule;
				SWIFT_OPTIMIZATION_LEVEL = "-O";
				VALIDATE_PRODUCT = YES;
			};
			name = Release;
		};
		AFD8B2FC25A5FA6B00784AE4 /* Debug */ = {
			isa = XCBuildConfiguration;
			buildSettings = {
				ASSETCATALOG_COMPILER_APPICON_NAME = AppIcon;
				ASSETCATALOG_COMPILER_GLOBAL_ACCENT_COLOR_NAME = AccentColor;
				CODE_SIGN_STYLE = Automatic;
				DEVELOPMENT_ASSET_PATHS = "\"Bullseye/Preview Content\"";
				ENABLE_PREVIEWS = YES;
				INFOPLIST_FILE = Bullseye/App/Info.plist;
				IPHONEOS_DEPLOYMENT_TARGET = 14.0;
				LD_RUNPATH_SEARCH_PATHS = (
					"$(inherited)",
					"@executable_path/Frameworks",
				);
				PRODUCT_BUNDLE_IDENTIFIER = tailyrdebose.Bullseye;
				PRODUCT_NAME = "$(TARGET_NAME)";
				SWIFT_VERSION = 5.0;
				TARGETED_DEVICE_FAMILY = "1,2";
			};
			name = Debug;
		};
		AFD8B2FD25A5FA6B00784AE4 /* Release */ = {
			isa = XCBuildConfiguration;
			buildSettings = {
				ASSETCATALOG_COMPILER_APPICON_NAME = AppIcon;
				ASSETCATALOG_COMPILER_GLOBAL_ACCENT_COLOR_NAME = AccentColor;
				CODE_SIGN_STYLE = Automatic;
				DEVELOPMENT_ASSET_PATHS = "\"Bullseye/Preview Content\"";
				ENABLE_PREVIEWS = YES;
				INFOPLIST_FILE = Bullseye/App/Info.plist;
				IPHONEOS_DEPLOYMENT_TARGET = 14.0;
				LD_RUNPATH_SEARCH_PATHS = (
					"$(inherited)",
					"@executable_path/Frameworks",
				);
				PRODUCT_BUNDLE_IDENTIFIER = tailyrdebose.Bullseye;
				PRODUCT_NAME = "$(TARGET_NAME)";
				SWIFT_VERSION = 5.0;
				TARGETED_DEVICE_FAMILY = "1,2";
			};
			name = Release;
		};
		AFD8B2FF25A5FA6B00784AE4 /* Debug */ = {
			isa = XCBuildConfiguration;
			buildSettings = {
				ALWAYS_EMBED_SWIFT_STANDARD_LIBRARIES = YES;
				BUNDLE_LOADER = "$(TEST_HOST)";
				CODE_SIGN_STYLE = Automatic;
				INFOPLIST_FILE = BullseyeTests/Info.plist;
				IPHONEOS_DEPLOYMENT_TARGET = 14.0;
				LD_RUNPATH_SEARCH_PATHS = (
					"$(inherited)",
					"@executable_path/Frameworks",
					"@loader_path/Frameworks",
				);
				PRODUCT_BUNDLE_IDENTIFIER = tailyrdebose.BullseyeTests;
				PRODUCT_NAME = "$(TARGET_NAME)";
				SWIFT_VERSION = 5.0;
				TARGETED_DEVICE_FAMILY = "1,2";
				TEST_HOST = "$(BUILT_PRODUCTS_DIR)/Bullseye.app/Bullseye";
			};
			name = Debug;
		};
		AFD8B30025A5FA6B00784AE4 /* Release */ = {
			isa = XCBuildConfiguration;
			buildSettings = {
				ALWAYS_EMBED_SWIFT_STANDARD_LIBRARIES = YES;
				BUNDLE_LOADER = "$(TEST_HOST)";
				CODE_SIGN_STYLE = Automatic;
				INFOPLIST_FILE = BullseyeTests/Info.plist;
				IPHONEOS_DEPLOYMENT_TARGET = 14.0;
				LD_RUNPATH_SEARCH_PATHS = (
					"$(inherited)",
					"@executable_path/Frameworks",
					"@loader_path/Frameworks",
				);
				PRODUCT_BUNDLE_IDENTIFIER = tailyrdebose.BullseyeTests;
				PRODUCT_NAME = "$(TARGET_NAME)";
				SWIFT_VERSION = 5.0;
				TARGETED_DEVICE_FAMILY = "1,2";
				TEST_HOST = "$(BUILT_PRODUCTS_DIR)/Bullseye.app/Bullseye";
			};
			name = Release;
		};
		AFD8B30225A5FA6B00784AE4 /* Debug */ = {
			isa = XCBuildConfiguration;
			buildSettings = {
				ALWAYS_EMBED_SWIFT_STANDARD_LIBRARIES = YES;
				CODE_SIGN_STYLE = Automatic;
				INFOPLIST_FILE = BullseyeUITests/Info.plist;
				LD_RUNPATH_SEARCH_PATHS = (
					"$(inherited)",
					"@executable_path/Frameworks",
					"@loader_path/Frameworks",
				);
				PRODUCT_BUNDLE_IDENTIFIER = tailyrdebose.BullseyeUITests;
				PRODUCT_NAME = "$(TARGET_NAME)";
				SWIFT_VERSION = 5.0;
				TARGETED_DEVICE_FAMILY = "1,2";
				TEST_TARGET_NAME = Bullseye;
			};
			name = Debug;
		};
		AFD8B30325A5FA6B00784AE4 /* Release */ = {
			isa = XCBuildConfiguration;
			buildSettings = {
				ALWAYS_EMBED_SWIFT_STANDARD_LIBRARIES = YES;
				CODE_SIGN_STYLE = Automatic;
				INFOPLIST_FILE = BullseyeUITests/Info.plist;
				LD_RUNPATH_SEARCH_PATHS = (
					"$(inherited)",
					"@executable_path/Frameworks",
					"@loader_path/Frameworks",
				);
				PRODUCT_BUNDLE_IDENTIFIER = tailyrdebose.BullseyeUITests;
				PRODUCT_NAME = "$(TARGET_NAME)";
				SWIFT_VERSION = 5.0;
				TARGETED_DEVICE_FAMILY = "1,2";
				TEST_TARGET_NAME = Bullseye;
			};
			name = Release;
		};
/* End XCBuildConfiguration section */

/* Begin XCConfigurationList section */
		AFD8B2D125A5FA6700784AE4 /* Build configuration list for PBXProject "Bullseye" */ = {
			isa = XCConfigurationList;
			buildConfigurations = (
				AFD8B2F925A5FA6B00784AE4 /* Debug */,
				AFD8B2FA25A5FA6B00784AE4 /* Release */,
			);
			defaultConfigurationIsVisible = 0;
			defaultConfigurationName = Release;
		};
		AFD8B2FB25A5FA6B00784AE4 /* Build configuration list for PBXNativeTarget "Bullseye" */ = {
			isa = XCConfigurationList;
			buildConfigurations = (
				AFD8B2FC25A5FA6B00784AE4 /* Debug */,
				AFD8B2FD25A5FA6B00784AE4 /* Release */,
			);
			defaultConfigurationIsVisible = 0;
			defaultConfigurationName = Release;
		};
		AFD8B2FE25A5FA6B00784AE4 /* Build configuration list for PBXNativeTarget "BullseyeTests" */ = {
			isa = XCConfigurationList;
			buildConfigurations = (
				AFD8B2FF25A5FA6B00784AE4 /* Debug */,
				AFD8B30025A5FA6B00784AE4 /* Release */,
			);
			defaultConfigurationIsVisible = 0;
			defaultConfigurationName = Release;
		};
		AFD8B30125A5FA6B00784AE4 /* Build configuration list for PBXNativeTarget "BullseyeUITests" */ = {
			isa = XCConfigurationList;
			buildConfigurations = (
				AFD8B30225A5FA6B00784AE4 /* Debug */,
				AFD8B30325A5FA6B00784AE4 /* Release */,
			);
			defaultConfigurationIsVisible = 0;
			defaultConfigurationName = Release;
		};
/* End XCConfigurationList section */
	};
	rootObject = AFD8B2CE25A5FA6700784AE4 /* Project object */;
}
